{
  "object": {
    "pins": [
      {
        "package": "AgoraInfra_iOS",
        "repositoryURL": "https://github.com/AgoraIO/AgoraInfra_iOS.git",
        "state": {
          "branch": null,
          "revision": "0c21b485af8e64b2716632f2f7badab8705343b1",
          "version": "1.3.5"
        }
      },
      {
        "package": "AgoraRtcEngine_iOS",
        "repositoryURL": "https://github.com/AgoraIO/AgoraRtcEngine_iOS.git",
        "state": {
          "branch": null,
          "revision": "db11601e5cc10e74d4f03157c063711156838e75",
          "version": "4.6.2"
        }
      },
      {
        "package": "AgoraRTM",
        "repositoryURL": "https://github.com/AgoraIO/AgoraRTM_iOS.git",
        "state": {
          "branch": null,
          "revision": "f2b54b5cd96b41c697bac82e21b887e81dc21e96",
          "version": "2.2.8"
        }
      }
    ]
  },
  "version": 1
}
